// !$*UTF8*$!
{
	archiveVersion = 1;
	classes = {
	};
	objectVersion = 48;
	objects = {

/* Begin PBXBuildFile section */
		31EC4BAD210C75F6003B260C /* AppDelegate.swift in Sources */ = {isa = PBXBuildFile; fileRef = 31EC4BAC210C75F6003B260C /* AppDelegate.swift */; };
		31EC4BAF210C75F6003B260C /* ViewController.swift in Sources */ = {isa = PBXBuildFile; fileRef = 31EC4BAE210C75F6003B260C /* ViewController.swift */; };
		31EC4BB2210C75F7003B260C /* Main.storyboard in Resources */ = {isa = PBXBuildFile; fileRef = 31EC4BB0210C75F7003B260C /* Main.storyboard */; };
		31EC4BB4210C75F7003B260C /* Assets.xcassets in Resources */ = {isa = PBXBuildFile; fileRef = 31EC4BB3210C75F7003B260C /* Assets.xcassets */; };
		31EC4BB7210C75F7003B260C /* LaunchScreen.storyboard in Resources */ = {isa = PBXBuildFile; fileRef = 31EC4BB5210C75F7003B260C /* LaunchScreen.storyboard */; };
/* End PBXBuildFile section */

/* Begin PBXFileReference section */
		31EC4BA9210C75F6003B260C /* 1st app.app */ = {isa = PBXFileReference; explicitFileType = wrapper.application; includeInIndex = 0; path = "1st app.app"; sourceTree = BUILT_PRODUCTS_DIR; };
		31EC4BAC210C75F6003B260C /* AppDelegate.swift */ = {isa = PBXFileReference; lastKnownFileType = sourcecode.swift; path = AppDelegate.swift; sourceTree = "<group>"; };
		31EC4BAE210C75F6003B260C /* ViewController.swift */ = {isa = PBXFileReference; lastKnownFileType = sourcecode.swift; path = ViewController.swift; sourceTree = "<group>"; };
		31EC4BB1210C75F7003B260C /* Base */ = {isa = PBXFileReference; lastKnownFileType = file.storyboard; name = Base; path = Base.lproj/Main.storyboard; sourceTree = "<group>"; };
		31EC4BB3210C75F7003B260C /* Assets.xcassets */ = {isa = PBXFileReference; lastKnownFileType = folder.assetcatalog; path = Assets.xcassets; sourceTree = "<group>"; };
		31EC4BB6210C75F7003B260C /* Base */ = {isa = PBXFileReference; lastKnownFileType = file.storyboard; name = Base; path = Base.lproj/LaunchScreen.storyboard; sourceTree = "<group>"; };
		31EC4BB8210C75F7003B260C /* Info.plist */ = {isa = PBXFileReference; lastKnownFileType = text.plist.xml; path = Info.plist; sourceTree = "<group>"; };
/* End PBXFileReference section */

/* Begin PBXFrameworksBuildPhase section */
		31EC4BA6210C75F6003B260C /* Frameworks */ = {
			isa = PBXFrameworksBuildPhase;
			buildActionMask = 2147483647;
			files = (
			);
			runOnlyForDeploymentPostprocessing = 0;
		};
/* End PBXFrameworksBuildPhase section */

/* Begin PBXGroup section */
		31EC4BA0210C75F6003B260C = {
			isa = PBXGroup;
			children = (
				31EC4BAB210C75F6003B260C /* 1st app */,
				31EC4BAA210C75F6003B260C /* Products */,
			);
			sourceTree = "<group>";
		};
		31EC4BAA210C75F6003B260C /* Products */ = {
			isa = PBXGroup;
			children = (
				31EC4BA9210C75F6003B260C /* 1st app.app */,
			);
			name = Products;
			sourceTree = "<group>";
		};
		31EC4BAB210C75F6003B260C /* 1st app */ = {
			isa = PBXGroup;
			children = (
				31EC4BAC210C75F6003B260C /* AppDelegate.swift */,
				31EC4BAE210C75F6003B260C /* ViewController.swift */,
				31EC4BB0210C75F7003B260C /* Main.storyboard */,
				31EC4BB3210C75F7003B260C /* Assets.xcassets */,
				31EC4BB5210C75F7003B260C /* LaunchScreen.storyboard */,
				31EC4BB8210C75F7003B260C /* Info.plist */,
			);
			path = "1st app";
			sourceTree = "<group>";
		};
/* End PBXGroup section */

/* Begin PBXNativeTarget section */
		31EC4BA8210C75F6003B260C /* 1st app */ = {
			isa = PBXNativeTarget;
			buildConfigurationList = 31EC4BBB210C75F7003B260C /* Build configuration list for PBXNativeTarget "1st app" */;
			buildPhases = (
				31EC4BA5210C75F6003B260C /* Sources */,
				31EC4BA6210C75F6003B260C /* Frameworks */,
				31EC4BA7210C75F6003B260C /* Resources */,
			);
			buildRules = (
			);
			dependencies = (
			);
			name = "1st app";
			productName = "1st app";
			productReference = 31EC4BA9210C75F6003B260C /* 1st app.app */;
			productType = "com.apple.product-type.application";
		};
/* End PBXNativeTarget section */

/* Begin PBXProject section */
		31EC4BA1210C75F6003B260C /* Project object */ = {
			isa = PBXProject;
			attributes = {
				LastSwiftUpdateCheck = 0920;
				LastUpgradeCheck = 0920;
				ORGANIZATIONNAME = "高野翔";
				TargetAttributes = {
					31EC4BA8210C75F6003B260C = {
						CreatedOnToolsVersion = 9.2;
						ProvisioningStyle = Automatic;
					};
				};
			};
			buildConfigurationList = 31EC4BA4210C75F6003B260C /* Build configuration list for PBXProject "1st app" */;
			compatibilityVersion = "Xcode 8.0";
			developmentRegion = en;
			hasScannedForEncodings = 0;
			knownRegions = (
				en,
				Base,
			);
			mainGroup = 31EC4BA0210C75F6003B260C;
			productRefGroup = 31EC4BAA210C75F6003B260C /* Products */;
			projectDirPath = "";
			projectRoot = "";
			targets = (
				31EC4BA8210C75F6003B260C /* 1st app */,
			);
		};
/* End PBXProject section */

/* Begin PBXResourcesBuildPhase section */
		31EC4BA7210C75F6003B260C /* Resources */ = {
			isa = PBXResourcesBuildPhase;
			buildActionMask = 2147483647;
			files = (
				31EC4BB7210C75F7003B260C /* LaunchScreen.storyboard in Resources */,
				31EC4BB4210C75F7003B260C /* Assets.xcassets in Resources */,
				31EC4BB2210C75F7003B260C /* Main.storyboard in Resources */,
			);
			runOnlyForDeploymentPostprocessing = 0;
		};
/* End PBXResourcesBuildPhase section */

/* Begin PBXSourcesBuildPhase section */
		31EC4BA5210C75F6003B260C /* Sources */ = {
			isa = PBXSourcesBuildPhase;
			buildActionMask = 2147483647;
			files = (
				31EC4BAF210C75F6003B260C /* ViewController.swift in Sources */,
				31EC4BAD210C75F6003B260C /* AppDelegate.swift in Sources */,
			);
			runOnlyForDeploymentPostprocessing = 0;
		};
/* End PBXSourcesBuildPhase section */

/* Begin PBXVariantGroup section */
		31EC4BB0210C75F7003B260C /* Main.storyboard */ = {
			isa = PBXVariantGroup;
			children = (
				31EC4BB1210C75F7003B260C /* Base */,
			);
			name = Main.storyboard;
			sourceTree = "<group>";
		};
		31EC4BB5210C75F7003B260C /* LaunchScreen.storyboard */ = {
			isa = PBXVariantGroup;
			children = (
				31EC4BB6210C75F7003B260C /* Base */,
			);
			name = LaunchScreen.storyboard;
			sourceTree = "<group>";
		};
/* End PBXVariantGroup section */

/* Begin XCBuildConfiguration section */
		31EC4BB9210C75F7003B260C /* Debug */ = {
			isa = XCBuildConfiguration;
			buildSettings = {
				ALWAYS_SEARCH_USER_PATHS = NO;
				CLANG_ANALYZER_NONNULL = YES;
				CLANG_ANALYZER_NUMBER_OBJECT_CONVERSION = YES_AGGRESSIVE;
				CLANG_CXX_LANGUAGE_STANDARD = "gnu++14";
				CLANG_CXX_LIBRARY = "libc++";
				CLANG_ENABLE_MODULES = YES;
				CLANG_ENABLE_OBJC_ARC = YES;
				CLANG_WARN_BLOCK_CAPTURE_AUTORELEASING = YES;
				CLANG_WARN_BOOL_CONVERSION = YES;
				CLANG_WARN_COMMA = YES;
				CLANG_WARN_CONSTANT_CONVERSION = YES;
				CLANG_WARN_DIRECT_OBJC_ISA_USAGE = YES_ERROR;
				CLANG_WARN_DOCUMENTATION_COMMENTS = YES;
				CLANG_WARN_EMPTY_BODY = YES;
				CLANG_WARN_ENUM_CONVERSION = YES;
				CLANG_WARN_INFINITE_RECURSION = YES;
				CLANG_WARN_INT_CONVERSION = YES;
				CLANG_WARN_NON_LITERAL_NULL_CONVERSION = YES;
				CLANG_WARN_OBJC_LITERAL_CONVERSION = YES;
				CLANG_WARN_OBJC_ROOT_CLASS = YES_ERROR;
				CLANG_WARN_RANGE_LOOP_ANALYSIS = YES;
				CLANG_WARN_STRICT_PROTOTYPES = YES;
				CLANG_WARN_SUSPICIOUS_MOVE = YES;
				CLANG_WARN_UNGUARDED_AVAILABILITY = YES_AGGRESSIVE;
				CLANG_WARN_UNREACHABLE_CODE = YES;
				CLANG_WARN__DUPLICATE_METHOD_MATCH = YES;
				CODE_SIGN_IDENTITY = "iPhone Developer";
				COPY_PHASE_STRIP = NO;
				DEBUG_INFORMATION_FORMAT = dwarf;
				ENABLE_STRICT_OBJC_MSGSEND = YES;
				ENABLE_TESTABILITY = YES;
				GCC_C_LANGUAGE_STANDARD = gnu11;
				GCC_DYNAMIC_NO_PIC = NO;
				GCC_NO_COMMON_BLOCKS = YES;
				GCC_OPTIMIZATION_LEVEL = 0;
				GCC_PREPROCESSOR_DEFINITIONS = (
					"DEBUG=1",
					"$(inherited)",
				);
				GCC_WARN_64_TO_32_BIT_CONVERSION = YES;
				GCC_WARN_ABOUT_RETURN_TYPE = YES_ERROR;
				GCC_WARN_UNDECLARED_SELECTOR = YES;
				GCC_WARN_UNINITIALIZED_AUTOS = YES_AGGRESSIVE;
				GCC_WARN_UNUSED_FUNCTION = YES;
				GCC_WARN_UNUSED_VARIABLE = YES;
				IPHONEOS_DEPLOYMENT_TARGET = 11.2;
				MTL_ENABLE_DEBUG_INFO = YES;
				ONLY_ACTIVE_ARCH = YES;
				SDKROOT = iphoneos;
				SWIFT_ACTIVE_COMPILATION_CONDITIONS = DEBUG;
				SWIFT_OPTIMIZATION_LEVEL = "-Onone";
			};
			name = Debug;
		};
		31EC4BBA210C75F7003B260C /* Release */ = {
			isa = XCBuildConfiguration;
			buildSettings = {
				ALWAYS_SEARCH_USER_PATHS = NO;
				CLANG_ANALYZER_NONNULL = YES;
				CLANG_ANALYZER_NUMBER_OBJECT_CONVERSION = YES_AGGRESSIVE;
				CLANG_CXX_LANGUAGE_STANDARD = "gnu++14";
				CLANG_CXX_LIBRARY = "libc++";
				CLANG_ENABLE_MODULES = YES;
				CLANG_ENABLE_OBJC_ARC = YES;
				CLANG_WARN_BLOCK_CAPTURE_AUTORELEASING = YES;
				CLANG_WARN_BOOL_CONVERSION = YES;
				CLANG_WARN_COMMA = YES;
				CLANG_WARN_CONSTANT_CONVERSION = YES;
				CLANG_WARN_DIRECT_OBJC_ISA_USAGE = YES_ERROR;
				CLANG_WARN_DOCUMENTATION_COMMENTS = YES;
				CLANG_WARN_EMPTY_BODY = YES;
				CLANG_WARN_ENUM_CONVERSION = YES;
				CLANG_WARN_INFINITE_RECURSION = YES;
				CLANG_WARN_INT_CONVERSION = YES;
				CLANG_WARN_NON_LITERAL_NULL_CONVERSION = YES;
				CLANG_WARN_OBJC_LITERAL_CONVERSION = YES;
				CLANG_WARN_OBJC_ROOT_CLASS = YES_ERROR;
				CLANG_WARN_RANGE_LOOP_ANALYSIS = YES;
				CLANG_WARN_STRICT_PROTOTYPES = YES;
				CLANG_WARN_SUSPICIOUS_MOVE = YES;
				CLANG_WARN_UNGUARDED_AVAILABILITY = YES_AGGRESSIVE;
				CLANG_WARN_UNREACHABLE_CODE = YES;
				CLANG_WARN__DUPLICATE_METHOD_MATCH = YES;
				CODE_SIGN_IDENTITY = "iPhone Developer";
				COPY_PHASE_STRIP = NO;
				DEBUG_INFORMATION_FORMAT = "dwarf-with-dsym";
				ENABLE_NS_ASSERTIONS = NO;
				ENABLE_STRICT_OBJC_MSGSEND = YES;
				GCC_C_LANGUAGE_STANDARD = gnu11;
				GCC_NO_COMMON_BLOCKS = YES;
				GCC_WARN_64_TO_32_BIT_CONVERSION = YES;
				GCC_WARN_ABOUT_RETURN_TYPE = YES_ERROR;
				GCC_WARN_UNDECLARED_SELECTOR = YES;
				GCC_WARN_UNINITIALIZED_AUTOS = YES_AGGRESSIVE;
				GCC_WARN_UNUSED_FUNCTION = YES;
				GCC_WARN_UNUSED_VARIABLE = YES;
				IPHONEOS_DEPLOYMENT_TARGET = 11.2;
				MTL_ENABLE_DEBUG_INFO = NO;
				SDKROOT = iphoneos;
				SWIFT_OPTIMIZATION_LEVEL = "-Owholemodule";
				VALIDATE_PRODUCT = YES;
			};
			name = Release;
		};
		31EC4BBC210C75F7003B260C /* Debug */ = {
			isa = XCBuildConfiguration;
			buildSettings = {
				ASSETCATALOG_COMPILER_APPICON_NAME = AppIcon;
				CODE_SIGN_STYLE = Automatic;
				DEVELOPMENT_TEAM = 75X3T7895K;
				INFOPLIST_FILE = "1st app/Info.plist";
				LD_RUNPATH_SEARCH_PATHS = "$(inherited) @executable_path/Frameworks";
				PRODUCT_BUNDLE_IDENTIFIER = "ST.-st-app";
				PRODUCT_NAME = "$(TARGET_NAME)";
				SWIFT_VERSION = 4.0;
				TARGETED_DEVICE_FAMILY = "1,2";
			};
			name = Debug;
		};
		31EC4BBD210C75F7003B260C /* Release */ = {
			isa = XCBuildConfiguration;
			buildSettings = {
				ASSETCATALOG_COMPILER_APPICON_NAME = AppIcon;
				CODE_SIGN_STYLE = Automatic;
				DEVELOPMENT_TEAM = 75X3T7895K;
				INFOPLIST_FILE = "1st app/Info.plist";
				LD_RUNPATH_SEARCH_PATHS = "$(inherited) @executable_path/Frameworks";
				PRODUCT_BUNDLE_IDENTIFIER = "ST.-st-app";
				PRODUCT_NAME = "$(TARGET_NAME)";
				SWIFT_VERSION = 4.0;
				TARGETED_DEVICE_FAMILY = "1,2";
			};
			name = Release;
		};
/* End XCBuildConfiguration section */

/* Begin XCConfigurationList section */
		31EC4BA4210C75F6003B260C /* Build configuration list for PBXProject "1st app" */ = {
			isa = XCConfigurationList;
			buildConfigurations = (
				31EC4BB9210C75F7003B260C /* Debug */,
				31EC4BBA210C75F7003B260C /* Release */,
			);
			defaultConfigurationIsVisible = 0;
			defaultConfigurationName = Release;
		};
		31EC4BBB210C75F7003B260C /* Build configuration list for PBXNativeTarget "1st app" */ = {
			isa = XCConfigurationList;
			buildConfigurations = (
				31EC4BBC210C75F7003B260C /* Debug */,
				31EC4BBD210C75F7003B260C /* Release */,
			);
			defaultConfigurationIsVisible = 0;
			defaultConfigurationName = Release;
		};
/* End XCConfigurationList section */
	};
	rootObject = 31EC4BA1210C75F6003B260C /* Project object */;
}
